
Microsoft Visual Studio Solution File, Format Version 12.00
# Visual Studio Version 17
VisualStudioVersion = 17.8.34525.116
MinimumVisualStudioVersion = 10.0.40219.1
Project("{9A19103F-16F7-4668-BE54-9A1E7A4F7556}") = "webSite_v1.1", "webSite_v1.1\webSite_v1.1.csproj", "{8636F61D-43C9-4D91-99CC-49BD2539641B}"
EndProject
Project("{9A19103F-16F7-4668-BE54-9A1E7A4F7556}") = "Template", "Template\Template.csproj", "{2D2FA1E0-72A9-4582-BFD9-DD7F9B9AB873}"
EndProject
Project("{9A19103F-16F7-4668-BE54-9A1E7A4F7556}") = "ProcessUnit", "ProcessUnit\ProcessUnit.csproj", "{91800924-FC56-4FDC-B58F-F3F661756C7D}"
EndProject
Project("{9A19103F-16F7-4668-BE54-9A1E7A4F7556}") = "LinkCenter", "LinkCenter\LinkCenter.csproj", "{B82117A1-A1E8-454B-87E7-2D2C9073DABA}"
EndProject
Project("{9A19103F-16F7-4668-BE54-9A1E7A4F7556}") = "Development", "Development\Development.csproj", "{F53F54F1-6DFF-4234-9341-44593BD60DA1}"
EndProject
Global
	GlobalSection(SolutionConfigurationPlatforms) = preSolution
		Debug|Any CPU = Debug|Any CPU
		Release|Any CPU = Release|Any CPU
	EndGlobalSection
	GlobalSection(ProjectConfigurationPlatforms) = postSolution
		{8636F61D-43C9-4D91-99CC-49BD2539641B}.Debug|Any CPU.ActiveCfg = Debug|Any CPU
		{8636F61D-43C9-4D91-99CC-49BD2539641B}.Debug|Any CPU.Build.0 = Debug|Any CPU
		{8636F61D-43C9-4D91-99CC-49BD2539641B}.Release|Any CPU.ActiveCfg = Release|Any CPU
		{8636F61D-43C9-4D91-99CC-49BD2539641B}.Release|Any CPU.Build.0 = Release|Any CPU
		{2D2FA1E0-72A9-4582-BFD9-DD7F9B9AB873}.Debug|Any CPU.ActiveCfg = Debug|Any CPU
		{2D2FA1E0-72A9-4582-BFD9-DD7F9B9AB873}.Debug|Any CPU.Build.0 = Debug|Any CPU
		{2D2FA1E0-72A9-4582-BFD9-DD7F9B9AB873}.Release|Any CPU.ActiveCfg = Release|Any CPU
		{2D2FA1E0-72A9-4582-BFD9-DD7F9B9AB873}.Release|Any CPU.Build.0 = Release|Any CPU
		{91800924-FC56-4FDC-B58F-F3F661756C7D}.Debug|Any CPU.ActiveCfg = Debug|Any CPU
		{91800924-FC56-4FDC-B58F-F3F661756C7D}.Debug|Any CPU.Build.0 = Debug|Any CPU
		{91800924-FC56-4FDC-B58F-F3F661756C7D}.Release|Any CPU.ActiveCfg = Release|Any CPU
		{91800924-FC56-4FDC-B58F-F3F661756C7D}.Release|Any CPU.Build.0 = Release|Any CPU
		{B82117A1-A1E8-454B-87E7-2D2C9073DABA}.Debug|Any CPU.ActiveCfg = Debug|Any CPU
		{B82117A1-A1E8-454B-87E7-2D2C9073DABA}.Debug|Any CPU.Build.0 = Debug|Any CPU
		{B82117A1-A1E8-454B-87E7-2D2C9073DABA}.Release|Any CPU.ActiveCfg = Release|Any CPU
		{B82117A1-A1E8-454B-87E7-2D2C9073DABA}.Release|Any CPU.Build.0 = Release|Any CPU
		{F53F54F1-6DFF-4234-9341-44593BD60DA1}.Debug|Any CPU.ActiveCfg = Debug|Any CPU
		{F53F54F1-6DFF-4234-9341-44593BD60DA1}.Debug|Any CPU.Build.0 = Debug|Any CPU
		{F53F54F1-6DFF-4234-9341-44593BD60DA1}.Release|Any CPU.ActiveCfg = Release|Any CPU
		{F53F54F1-6DFF-4234-9341-44593BD60DA1}.Release|Any CPU.Build.0 = Release|Any CPU
	EndGlobalSection
	GlobalSection(SolutionProperties) = preSolution
		HideSolutionNode = FALSE
	EndGlobalSection
	GlobalSection(ExtensibilityGlobals) = postSolution
		SolutionGuid = {C09AA962-376E-4653-B18E-1906405C2E1E}
	EndGlobalSection
EndGlobal
